{
  "name": "sample-app",
  "version": "1.0.0",
  "lockfileVersion": 3,
  "requires": true,
  "packages": {
    "": {
      "name": "sample-app",
      "version": "1.0.0",
      "license": "ISC",
      "dependencies": {
        "asciify": "^1.3.2"
      }
    },
    "node_modules/asciify": {
      "version": "1.3.2",
      "resolved": "https://registry.npmjs.org/asciify/-/asciify-1.3.2.tgz",
      "integrity": "sha512-l7ht2mizgRIb++b+Hfab2SmoTeXipL0rI2ecptF6rwYx7He7tSGOtKbkN+EmQR4jRt35ABLvObaInV7NW4vkzA==",
      "license": "BSD",
      "dependencies": {
        "optimist": "~0.5.2",
        "pad": "0.0.4"
      },
      "bin": {
        "asciify": "bin/asciify.js"
      }
    },
    "node_modules/optimist": {
      "version": "0.5.2",
      "resolved": "https://registry.npmjs.org/optimist/-/optimist-0.5.2.tgz",
      "integrity": "sha512-r9M8ZpnM9SXV5Wii7TCqienfcaY3tAiJe9Jchof87icbmbruKgK0xKXngmrnowTDnEawmmI1Qbha59JEoBkBGA==",
      "license": "MIT/X11",
      "dependencies": {
        "wordwrap": "~0.0.2"
      }
    },
    "node_modules/pad": {
      "version": "0.0.4",
      "resolved": "https://registry.npmjs.org/pad/-/pad-0.0.4.tgz",
      "integrity": "sha512-xsxV/652KGKcwNDbqNh+zyy7DUCvoDhLXIB52DTjHgHwD8TmNcm85ry1wl4tDVpxXTaxhpS3rtow1Hxgll+img==",
      "engines": {
        "node": ">= 0.4.0"
      }
    },
    "node_modules/wordwrap": {
      "version": "0.0.3",
      "resolved": "https://registry.npmjs.org/wordwrap/-/wordwrap-0.0.3.tgz",
      "integrity": "sha512-1tMA907+V4QmxV7dbRvb4/8MaRALK6q9Abid3ndMYnbyo8piisCmeONVqVSXqQA3KaP4SLt5b7ud6E2sqP8TFw==",
      "license": "MIT",
      "engines": {
        "node": ">=0.4.0"
      }
    }
  }
}
